<?xml version="1.0" encoding="utf-8"?>
<Project ToolsVersion="4.0" xmlns="http://schemas.microsoft.com/developer/msbuild/2003">
  <ItemGroup>
    <Filter Include="Source Files">
      <UniqueIdentifier>{4FC737F1-C7A5-4376-A066-2A32D752A2FF}</UniqueIdentifier>
      <Extensions>cpp;c;cc;cxx;def;odl;idl;hpj;bat;asm;asmx</Extensions>
    </Filter>
    <Filter Include="Header Files">
      <UniqueIdentifier>{93995380-89BD-4b04-88EB-625FBE52EBFB}</UniqueIdentifier>
      <Extensions>h;hh;hpp;hxx;hm;inl;inc;xsd</Extensions>
    </Filter>
    <Filter Include="Resource Files">
      <UniqueIdentifier>{67DA6AB6-F800-4c08-8B7A-83BB121AAD01}</UniqueIdentifier>
      <Extensions>rc;ico;cur;bmp;dlg;rc2;rct;bin;rgs;gif;jpg;jpeg;jpe;resx;tiff;tif;png;wav</Extensions>
    </Filter>
  </ItemGroup>
  <ItemGroup>
    <ClCompile Include="ooplab3\AbstractFactory.cpp">
      <Filter>Source Files</Filter>
    </ClCompile>
    <ClCompile Include="ooplab3\main.cpp">
      <Filter>Source Files</Filter>
    </ClCompile>
    <ClCompile Include="ooplab3\mainwindow.cpp">
      <Filter>Source Files</Filter>
    </ClCompile>
    <ClCompile Include="OOPLab3\Actions.cpp">
      <Filter>Source Files</Filter>
    </ClCompile>
    <ClCompile Include="OOPLab3\Facade.cpp">
      <Filter>Source Files</Filter>
    </ClCompile>
    <ClCompile Include="OOPLab3\DrawManager.cpp">
      <Filter>Source Files</Filter>
    </ClCompile>
    <ClCompile Include="OOPLab3\LoadManager.cpp">
      <Filter>Source Files</Filter>
    </ClCompile>
    <ClCompile Include="OOPLab3\FigureBuilder.cpp">
      <Filter>Source Files</Filter>
    </ClCompile>
    <ClCompile Include="OOPLab3\FileLoader.cpp">
      <Filter>Source Files</Filter>
    </ClCompile>
    <ClCompile Include="OOPLab3\Figure.cpp">
      <Filter>Source Files</Filter>
    </ClCompile>
    <ClCompile Include="OOPLab3\Link.cpp">
      <Filter>Source Files</Filter>
    </ClCompile>
    <ClCompile Include="OOPLab3\Point.cpp">
      <Filter>Source Files</Filter>
    </ClCompile>
    <ClCompile Include="OOPLab3\Camera.cpp">
      <Filter>Source Files</Filter>
    </ClCompile>
    <ClCompile Include="OOPLab3\SceneManager.cpp">
      <Filter>Source Files</Filter>
    </ClCompile>
    <ClCompile Include="OOPLab3\Scene.cpp">
      <Filter>Source Files</Filter>
    </ClCompile>
    <ClCompile Include="OOPLab3\Composite.cpp">
      <Filter>Source Files</Filter>
    </ClCompile>
    <ClCompile Include="OOPLab3\Visitor.cpp">
      <Filter>Source Files</Filter>
    </ClCompile>
    <ClCompile Include="OOPLab3\Exceptions.cpp">
      <Filter>Source Files</Filter>
    </ClCompile>
    <ClCompile Include="OOPLab3\FigureDirector.cpp">
      <Filter>Source Files</Filter>
    </ClCompile>
    <ClCompile Include="OOPLab3\Drawer.cpp">
      <Filter>Source Files</Filter>
    </ClCompile>
    <ClCompile Include="OOPLab3\DrawerDirector.cpp">
      <Filter>Source Files</Filter>
    </ClCompile>
  </ItemGroup>
  <ItemGroup>
    <ClInclude Include="ooplab3\AbstractFactory.h">
      <Filter>Header Files</Filter>
    </ClInclude>
    <ClInclude Include="ooplab3\mainwindow.h">
      <Filter>Header Files</Filter>
    </ClInclude>
    <ClInclude Include="OOPLab3\Actions.h">
      <Filter>Header Files</Filter>
    </ClInclude>
    <ClInclude Include="OOPLab3\Facade.h">
      <Filter>Header Files</Filter>
    </ClInclude>
    <ClInclude Include="OOPLab3\BaseManager.h">
      <Filter>Header Files</Filter>
    </ClInclude>
    <ClInclude Include="OOPLab3\DrawManager.h">
      <Filter>Header Files</Filter>
    </ClInclude>
    <ClInclude Include="OOPLab3\Visitor.h">
      <Filter>Header Files</Filter>
    </ClInclude>
    <ClInclude Include="OOPLab3\LoadManager.h">
      <Filter>Header Files</Filter>
    </ClInclude>
    <ClInclude Include="OOPLab3\FigureBuilder.h">
      <Filter>Header Files</Filter>
    </ClInclude>
    <ClInclude Include="OOPLab3\BaseFigureLoader.h">
      <Filter>Header Files</Filter>
    </ClInclude>
    <ClInclude Include="OOPLab3\FileLoader.h">
      <Filter>Header Files</Filter>
    </ClInclude>
    <ClInclude Include="OOPLab3\SourceLoader.h">
      <Filter>Header Files</Filter>
    </ClInclude>
    <ClInclude Include="OOPLab3\BaseFigureBuilder.h">
      <Filter>Header Files</Filter>
    </ClInclude>
    <ClInclude Include="OOPLab3\Point.h">
      <Filter>Header Files</Filter>
    </ClInclude>
    <ClInclude Include="OOPLab3\Figure.h">
      <Filter>Header Files</Filter>
    </ClInclude>
    <ClInclude Include="OOPLab3\Link.h">
      <Filter>Header Files</Filter>
    </ClInclude>
    <ClInclude Include="OOPLab3\BaseObject.h">
      <Filter>Header Files</Filter>
    </ClInclude>
    <ClInclude Include="OOPLab3\Camera.h">
      <Filter>Header Files</Filter>
    </ClInclude>
    <ClInclude Include="OOPLab3\SceneManager.h">
      <Filter>Header Files</Filter>
    </ClInclude>
    <ClInclude Include="OOPLab3\Scene.h">
      <Filter>Header Files</Filter>
    </ClInclude>
    <ClInclude Include="OOPLab3\Composite.h">
      <Filter>Header Files</Filter>
    </ClInclude>
    <ClInclude Include="OOPLab3\Transformations.h">
      <Filter>Header Files</Filter>
    </ClInclude>
    <ClInclude Include="OOPLab3\Exceptions.h">
      <Filter>Header Files</Filter>
    </ClInclude>
    <ClInclude Include="build-OOPLab3-Desktop_Qt_MinGW_w64_64bit_MSYS2-Debug\ui_mainwindow.h">
      <Filter>Header Files</Filter>
    </ClInclude>
    <ClInclude Include="OOPLab3\FigureDirector.h">
      <Filter>Header Files</Filter>
    </ClInclude>
    <ClInclude Include="OOPLab3\Drawer.h">
      <Filter>Header Files</Filter>
    </ClInclude>
    <ClInclude Include="OOPLab3\DrawerDirector.h">
      <Filter>Header Files</Filter>
    </ClInclude>
    <ClInclude Include="OOPLab3\BaseVisitor.h">
      <Filter>Header Files</Filter>
    </ClInclude>
  </ItemGroup>
  <ItemGroup>
    <None Include="OOPLab3\mainwindow.ui">
      <Filter>Resource Files</Filter>
    </None>
  </ItemGroup>
</Project>