
Microsoft Visual Studio Solution File, Format Version 12.00
# Visual Studio Version 17
VisualStudioVersion = 17.3.32825.248
MinimumVisualStudioVersion = 10.0.40219.1
Project("{FAE04EC0-301F-11D3-BF4B-00C04F79EFBC}") = "ModelLab5", "ModelLab5.csproj", "{787B720E-F510-4CBF-8335-786CEF300520}"
EndProject
Global
	GlobalSection(SolutionConfigurationPlatforms) = preSolution
		Debug|Any CPU = Debug|Any CPU
		Release|Any CPU = Release|Any CPU
	EndGlobalSection
	GlobalSection(ProjectConfigurationPlatforms) = postSolution
		{787B720E-F510-4CBF-8335-786CEF300520}.Debug|Any CPU.ActiveCfg = Debug|Any CPU
		{787B720E-F510-4CBF-8335-786CEF300520}.Debug|Any CPU.Build.0 = Debug|Any CPU
		{787B720E-F510-4CBF-8335-786CEF300520}.Release|Any CPU.ActiveCfg = Release|Any CPU
		{787B720E-F510-4CBF-8335-786CEF300520}.Release|Any CPU.Build.0 = Release|Any CPU
	EndGlobalSection
	GlobalSection(SolutionProperties) = preSolution
		HideSolutionNode = FALSE
	EndGlobalSection
	GlobalSection(ExtensibilityGlobals) = postSolution
		SolutionGuid = {EC12FAA5-8144-41AA-A041-8EBC92E35A3F}
	EndGlobalSection
EndGlobal
