
Microsoft Visual Studio Solution File, Format Version 12.00
# Visual Studio Version 17
VisualStudioVersion = 17.3.32825.248
MinimumVisualStudioVersion = 10.0.40219.1
Project("{FAE04EC0-301F-11D3-BF4B-00C04F79EFBC}") = "WindowsFormsApp1", "WindowsFormsApp1.csproj", "{D23E450B-3261-4929-9AAF-58860DCA7715}"
EndProject
Global
	GlobalSection(SolutionConfigurationPlatforms) = preSolution
		Debug|Any CPU = Debug|Any CPU
		Debug|x86 = Debug|x86
		Release|Any CPU = Release|Any CPU
		Release|x86 = Release|x86
	EndGlobalSection
	GlobalSection(ProjectConfigurationPlatforms) = postSolution
		{D23E450B-3261-4929-9AAF-58860DCA7715}.Debug|Any CPU.ActiveCfg = Debug|Any CPU
		{D23E450B-3261-4929-9AAF-58860DCA7715}.Debug|Any CPU.Build.0 = Debug|Any CPU
		{D23E450B-3261-4929-9AAF-58860DCA7715}.Debug|x86.ActiveCfg = Debug|x86
		{D23E450B-3261-4929-9AAF-58860DCA7715}.Debug|x86.Build.0 = Debug|x86
		{D23E450B-3261-4929-9AAF-58860DCA7715}.Release|Any CPU.ActiveCfg = Release|Any CPU
		{D23E450B-3261-4929-9AAF-58860DCA7715}.Release|Any CPU.Build.0 = Release|Any CPU
		{D23E450B-3261-4929-9AAF-58860DCA7715}.Release|x86.ActiveCfg = Release|x86
		{D23E450B-3261-4929-9AAF-58860DCA7715}.Release|x86.Build.0 = Release|x86
	EndGlobalSection
	GlobalSection(SolutionProperties) = preSolution
		HideSolutionNode = FALSE
	EndGlobalSection
	GlobalSection(ExtensibilityGlobals) = postSolution
		SolutionGuid = {A0DB9BA9-4CC0-48EA-87C8-2424D399E99B}
	EndGlobalSection
EndGlobal
